
Microsoft Visual Studio Solution File, Format Version 12.00
# Visual Studio Version 17
VisualStudioVersion = 17.1.32407.343
MinimumVisualStudioVersion = 10.0.40219.1
Project("{FAE04EC0-301F-11D3-BF4B-00C04F79EFBC}") = "Projeto_Principal", "Projeto_Principal\Projeto_Principal.csproj", "{38DEF852-5EC2-4E61-A294-C63E0954DA0B}"
EndProject
Global
	GlobalSection(SolutionConfigurationPlatforms) = preSolution
		Debug|Any CPU = Debug|Any CPU
		Release|Any CPU = Release|Any CPU
	EndGlobalSection
	GlobalSection(ProjectConfigurationPlatforms) = postSolution
		{38DEF852-5EC2-4E61-A294-C63E0954DA0B}.Debug|Any CPU.ActiveCfg = Debug|Any CPU
		{38DEF852-5EC2-4E61-A294-C63E0954DA0B}.Debug|Any CPU.Build.0 = Debug|Any CPU
		{38DEF852-5EC2-4E61-A294-C63E0954DA0B}.Release|Any CPU.ActiveCfg = Release|Any CPU
		{38DEF852-5EC2-4E61-A294-C63E0954DA0B}.Release|Any CPU.Build.0 = Release|Any CPU
	EndGlobalSection
	GlobalSection(SolutionProperties) = preSolution
		HideSolutionNode = FALSE
	EndGlobalSection
	GlobalSection(ExtensibilityGlobals) = postSolution
		SolutionGuid = {BC78A1C9-2758-4C1C-B2E8-32DA7A5353DA}
	EndGlobalSection
EndGlobal
